
Microsoft Visual Studio Solution File, Format Version 12.00
# Visual Studio Version 17
VisualStudioVersion = 17.4.33403.182
MinimumVisualStudioVersion = 10.0.40219.1
Project("{FAE04EC0-301F-11D3-BF4B-00C04F79EFBC}") = "FishMedia", "FishMedia\FishMedia.csproj", "{30850775-FC50-45BC-9352-8E5103E22009}"
EndProject
Global
	GlobalSection(SolutionConfigurationPlatforms) = preSolution
		Debug|Any CPU = Debug|Any CPU
		Debug|ARM32 = Debug|ARM32
		Release|Any CPU = Release|Any CPU
		Release|ARM32 = Release|ARM32
	EndGlobalSection
	GlobalSection(ProjectConfigurationPlatforms) = postSolution
		{30850775-FC50-45BC-9352-8E5103E22009}.Debug|Any CPU.ActiveCfg = Debug|Any CPU
		{30850775-FC50-45BC-9352-8E5103E22009}.Debug|Any CPU.Build.0 = Debug|Any CPU
		{30850775-FC50-45BC-9352-8E5103E22009}.Debug|ARM32.ActiveCfg = Debug|ARM32
		{30850775-FC50-45BC-9352-8E5103E22009}.Debug|ARM32.Build.0 = Debug|ARM32
		{30850775-FC50-45BC-9352-8E5103E22009}.Release|Any CPU.ActiveCfg = Release|Any CPU
		{30850775-FC50-45BC-9352-8E5103E22009}.Release|Any CPU.Build.0 = Release|Any CPU
		{30850775-FC50-45BC-9352-8E5103E22009}.Release|ARM32.ActiveCfg = Release|ARM32
		{30850775-FC50-45BC-9352-8E5103E22009}.Release|ARM32.Build.0 = Release|ARM32
	EndGlobalSection
	GlobalSection(SolutionProperties) = preSolution
		HideSolutionNode = FALSE
	EndGlobalSection
	GlobalSection(ExtensibilityGlobals) = postSolution
		SolutionGuid = {18F7677D-CBD6-4136-B626-614164BC5A8D}
	EndGlobalSection
EndGlobal
